
Microsoft Visual Studio Solution File, Format Version 12.00
# Visual Studio Version 16
VisualStudioVersion = 16.0.28729.10
MinimumVisualStudioVersion = 10.0.40219.1
Project("{9A19103F-16F7-4668-BE54-9A1E7A4F7556}") = "CQRSExample.Infrastructure", "CQRSExample.Infrastructure\CQRSExample.Infrastructure.csproj", "{14DF30EF-8139-46A0-A8FF-F05AD58CC53C}"
EndProject
Project("{9A19103F-16F7-4668-BE54-9A1E7A4F7556}") = "CQRSExample.Queries", "CQRSExample.Queries\CQRSExample.Queries.csproj", "{EAC279D2-1B85-4DB7-BFA3-B560427C4BF8}"
EndProject
Project("{9A19103F-16F7-4668-BE54-9A1E7A4F7556}") = "CQRSExample.Models", "CQRSExample.Models\CQRSExample.Models.csproj", "{32CDC9B1-8AA3-4169-BCF6-5D274D7384CF}"
EndProject
Project("{9A19103F-16F7-4668-BE54-9A1E7A4F7556}") = "CQRSExample.Commands", "CQRSExample.Commands\CQRSExample.Commands.csproj", "{A5867E21-6E24-4D45-BDDC-20298C62873C}"
EndProject
Project("{9A19103F-16F7-4668-BE54-9A1E7A4F7556}") = "CQRSExample.FrontEnd.WPF", "CQRSExample.FrontEnd.WPF\CQRSExample.FrontEnd.WPF.csproj", "{60B38E58-429E-4387-9550-F1CA3DA0EC64}"
EndProject
Project("{9A19103F-16F7-4668-BE54-9A1E7A4F7556}") = "CQRSExqmple.DataAccessLayer", "CQRSExqmple.DataAccessLayer\CQRSExqmple.DataAccessLayer.csproj", "{FF2BFE6C-13F1-47A4-BBE5-070A27F45B2F}"
EndProject
Project("{9A19103F-16F7-4668-BE54-9A1E7A4F7556}") = "CQRSExample.Mvvm", "CQRSExample.Mvvm\CQRSExample.Mvvm.csproj", "{76CB696D-3877-4D39-B1C8-F3106F917A3A}"
EndProject
Project("{9A19103F-16F7-4668-BE54-9A1E7A4F7556}") = "ExtensionsAndHelpers", "ExtensionsAndHelpers\ExtensionsAndHelpers.csproj", "{E0D6065B-C541-4BC6-8CB3-401178750897}"
EndProject
Project("{FAE04EC0-301F-11D3-BF4B-00C04F79EFBC}") = "CQRSExample.Console", "CQRSExample.Console\CQRSExample.Console.csproj", "{545C0C92-3EB4-4862-A7F6-EE053376A34E}"
EndProject
Global
	GlobalSection(SolutionConfigurationPlatforms) = preSolution
		Debug|Any CPU = Debug|Any CPU
		Release|Any CPU = Release|Any CPU
	EndGlobalSection
	GlobalSection(ProjectConfigurationPlatforms) = postSolution
		{14DF30EF-8139-46A0-A8FF-F05AD58CC53C}.Debug|Any CPU.ActiveCfg = Debug|Any CPU
		{14DF30EF-8139-46A0-A8FF-F05AD58CC53C}.Debug|Any CPU.Build.0 = Debug|Any CPU
		{14DF30EF-8139-46A0-A8FF-F05AD58CC53C}.Release|Any CPU.ActiveCfg = Release|Any CPU
		{14DF30EF-8139-46A0-A8FF-F05AD58CC53C}.Release|Any CPU.Build.0 = Release|Any CPU
		{EAC279D2-1B85-4DB7-BFA3-B560427C4BF8}.Debug|Any CPU.ActiveCfg = Debug|Any CPU
		{EAC279D2-1B85-4DB7-BFA3-B560427C4BF8}.Debug|Any CPU.Build.0 = Debug|Any CPU
		{EAC279D2-1B85-4DB7-BFA3-B560427C4BF8}.Release|Any CPU.ActiveCfg = Release|Any CPU
		{EAC279D2-1B85-4DB7-BFA3-B560427C4BF8}.Release|Any CPU.Build.0 = Release|Any CPU
		{32CDC9B1-8AA3-4169-BCF6-5D274D7384CF}.Debug|Any CPU.ActiveCfg = Debug|Any CPU
		{32CDC9B1-8AA3-4169-BCF6-5D274D7384CF}.Debug|Any CPU.Build.0 = Debug|Any CPU
		{32CDC9B1-8AA3-4169-BCF6-5D274D7384CF}.Release|Any CPU.ActiveCfg = Release|Any CPU
		{32CDC9B1-8AA3-4169-BCF6-5D274D7384CF}.Release|Any CPU.Build.0 = Release|Any CPU
		{A5867E21-6E24-4D45-BDDC-20298C62873C}.Debug|Any CPU.ActiveCfg = Debug|Any CPU
		{A5867E21-6E24-4D45-BDDC-20298C62873C}.Debug|Any CPU.Build.0 = Debug|Any CPU
		{A5867E21-6E24-4D45-BDDC-20298C62873C}.Release|Any CPU.ActiveCfg = Release|Any CPU
		{A5867E21-6E24-4D45-BDDC-20298C62873C}.Release|Any CPU.Build.0 = Release|Any CPU
		{60B38E58-429E-4387-9550-F1CA3DA0EC64}.Debug|Any CPU.ActiveCfg = Debug|Any CPU
		{60B38E58-429E-4387-9550-F1CA3DA0EC64}.Debug|Any CPU.Build.0 = Debug|Any CPU
		{60B38E58-429E-4387-9550-F1CA3DA0EC64}.Release|Any CPU.ActiveCfg = Release|Any CPU
		{60B38E58-429E-4387-9550-F1CA3DA0EC64}.Release|Any CPU.Build.0 = Release|Any CPU
		{FF2BFE6C-13F1-47A4-BBE5-070A27F45B2F}.Debug|Any CPU.ActiveCfg = Debug|Any CPU
		{FF2BFE6C-13F1-47A4-BBE5-070A27F45B2F}.Debug|Any CPU.Build.0 = Debug|Any CPU
		{FF2BFE6C-13F1-47A4-BBE5-070A27F45B2F}.Release|Any CPU.ActiveCfg = Release|Any CPU
		{FF2BFE6C-13F1-47A4-BBE5-070A27F45B2F}.Release|Any CPU.Build.0 = Release|Any CPU
		{76CB696D-3877-4D39-B1C8-F3106F917A3A}.Debug|Any CPU.ActiveCfg = Debug|Any CPU
		{76CB696D-3877-4D39-B1C8-F3106F917A3A}.Debug|Any CPU.Build.0 = Debug|Any CPU
		{76CB696D-3877-4D39-B1C8-F3106F917A3A}.Release|Any CPU.ActiveCfg = Release|Any CPU
		{76CB696D-3877-4D39-B1C8-F3106F917A3A}.Release|Any CPU.Build.0 = Release|Any CPU
		{E0D6065B-C541-4BC6-8CB3-401178750897}.Debug|Any CPU.ActiveCfg = Debug|Any CPU
		{E0D6065B-C541-4BC6-8CB3-401178750897}.Debug|Any CPU.Build.0 = Debug|Any CPU
		{E0D6065B-C541-4BC6-8CB3-401178750897}.Release|Any CPU.ActiveCfg = Release|Any CPU
		{E0D6065B-C541-4BC6-8CB3-401178750897}.Release|Any CPU.Build.0 = Release|Any CPU
		{545C0C92-3EB4-4862-A7F6-EE053376A34E}.Debug|Any CPU.ActiveCfg = Debug|Any CPU
		{545C0C92-3EB4-4862-A7F6-EE053376A34E}.Debug|Any CPU.Build.0 = Debug|Any CPU
		{545C0C92-3EB4-4862-A7F6-EE053376A34E}.Release|Any CPU.ActiveCfg = Release|Any CPU
		{545C0C92-3EB4-4862-A7F6-EE053376A34E}.Release|Any CPU.Build.0 = Release|Any CPU
	EndGlobalSection
	GlobalSection(SolutionProperties) = preSolution
		HideSolutionNode = FALSE
	EndGlobalSection
	GlobalSection(ExtensibilityGlobals) = postSolution
		SolutionGuid = {C8CE7E2F-8B14-4E0D-8B43-15FA65FFE0AD}
	EndGlobalSection
EndGlobal
